
Microsoft Visual Studio Solution File, Format Version 12.00
# Visual Studio Version 17
VisualStudioVersion = 17.1.32210.238
MinimumVisualStudioVersion = 10.0.40219.1
Project("{9A19103F-16F7-4668-BE54-9A1E7A4F7556}") = "AdmSekolah", "AdmSekolah\AdmSekolah.csproj", "{ECBA64D7-0BCE-406F-A2DD-45F02CE18538}"
EndProject
Project("{FAE04EC0-301F-11D3-BF4B-00C04F79EFBC}") = "AdmSekolahTests", "AdmSekolahTests\AdmSekolahTests.csproj", "{50848253-8E11-4952-B5F4-F82DFDD69E32}"
EndProject
Global
	GlobalSection(SolutionConfigurationPlatforms) = preSolution
		Debug|Any CPU = Debug|Any CPU
		Release|Any CPU = Release|Any CPU
	EndGlobalSection
	GlobalSection(ProjectConfigurationPlatforms) = postSolution
		{ECBA64D7-0BCE-406F-A2DD-45F02CE18538}.Debug|Any CPU.ActiveCfg = Debug|Any CPU
		{ECBA64D7-0BCE-406F-A2DD-45F02CE18538}.Debug|Any CPU.Build.0 = Debug|Any CPU
		{ECBA64D7-0BCE-406F-A2DD-45F02CE18538}.Release|Any CPU.ActiveCfg = Release|Any CPU
		{ECBA64D7-0BCE-406F-A2DD-45F02CE18538}.Release|Any CPU.Build.0 = Release|Any CPU
		{50848253-8E11-4952-B5F4-F82DFDD69E32}.Debug|Any CPU.ActiveCfg = Debug|Any CPU
		{50848253-8E11-4952-B5F4-F82DFDD69E32}.Debug|Any CPU.Build.0 = Debug|Any CPU
		{50848253-8E11-4952-B5F4-F82DFDD69E32}.Release|Any CPU.ActiveCfg = Release|Any CPU
		{50848253-8E11-4952-B5F4-F82DFDD69E32}.Release|Any CPU.Build.0 = Release|Any CPU
	EndGlobalSection
	GlobalSection(SolutionProperties) = preSolution
		HideSolutionNode = FALSE
	EndGlobalSection
	GlobalSection(ExtensibilityGlobals) = postSolution
		SolutionGuid = {18F952D3-1FFF-4793-8CB0-F1AE7A6BF804}
	EndGlobalSection
EndGlobal
